<?xml version="1.0" encoding="utf-8"?>
<Project ToolsVersion="4.0" xmlns="http://schemas.microsoft.com/developer/msbuild/2003">
  <ItemGroup>
    <Filter Include="소스 파일">
      <UniqueIdentifier>{4FC737F1-C7A5-4376-A066-2A32D752A2FF}</UniqueIdentifier>
      <Extensions>cpp;c;cc;cxx;c++;cppm;ixx;def;odl;idl;hpj;bat;asm;asmx</Extensions>
    </Filter>
    <Filter Include="헤더 파일">
      <UniqueIdentifier>{93995380-89BD-4b04-88EB-625FBE52EBFB}</UniqueIdentifier>
      <Extensions>h;hh;hpp;hxx;h++;hm;inl;inc;ipp;xsd</Extensions>
    </Filter>
    <Filter Include="리소스 파일">
      <UniqueIdentifier>{67DA6AB6-F800-4c08-8B7A-83BB121AAD01}</UniqueIdentifier>
      <Extensions>rc;ico;cur;bmp;dlg;rc2;rct;bin;rgs;gif;jpg;jpeg;jpe;resx;tiff;tif;png;wav;mfcribbon-ms</Extensions>
    </Filter>
    <Filter Include="소스 파일\State">
      <UniqueIdentifier>{63b5c869-cb75-4010-b497-42ab54593686}</UniqueIdentifier>
    </Filter>
    <Filter Include="소스 파일\Entity">
      <UniqueIdentifier>{5824f543-4c2b-445c-b85d-41a12dd36385}</UniqueIdentifier>
    </Filter>
    <Filter Include="헤더 파일\State">
      <UniqueIdentifier>{a2ea4a3f-2629-426b-af96-3cd7b1ad0a33}</UniqueIdentifier>
    </Filter>
    <Filter Include="헤더 파일\Entity">
      <UniqueIdentifier>{f0b6fb24-a310-43a7-b8fa-8cdab2852e02}</UniqueIdentifier>
    </Filter>
  </ItemGroup>
  <ItemGroup>
    <ClCompile Include="main.cpp">
      <Filter>소스 파일</Filter>
    </ClCompile>
    <ClCompile Include="EntityManager.cpp">
      <Filter>소스 파일</Filter>
    </ClCompile>
    <ClCompile Include="BaseGameEntity.cpp">
      <Filter>소스 파일</Filter>
    </ClCompile>
    <ClCompile Include="EventDispatcher.cpp">
      <Filter>소스 파일</Filter>
    </ClCompile>
    <ClCompile Include="PlayerState.cpp">
      <Filter>소스 파일\State</Filter>
    </ClCompile>
    <ClCompile Include="FactoryMachineState.cpp">
      <Filter>소스 파일\State</Filter>
    </ClCompile>
    <ClCompile Include="Player.cpp">
      <Filter>소스 파일\Entity</Filter>
    </ClCompile>
    <ClCompile Include="FactoryMachine.cpp">
      <Filter>소스 파일\Entity</Filter>
    </ClCompile>
    <ClCompile Include="Merchant.cpp">
      <Filter>소스 파일\Entity</Filter>
    </ClCompile>
    <ClCompile Include="MerchantState.cpp">
      <Filter>소스 파일\State</Filter>
    </ClCompile>
  </ItemGroup>
  <ItemGroup>
    <ClInclude Include="EntityManager.h">
      <Filter>헤더 파일</Filter>
    </ClInclude>
    <ClInclude Include="BaseGameEntity.h">
      <Filter>헤더 파일</Filter>
    </ClInclude>
    <ClInclude Include="StateMachine.h">
      <Filter>헤더 파일</Filter>
    </ClInclude>
    <ClInclude Include="Event.h">
      <Filter>헤더 파일</Filter>
    </ClInclude>
    <ClInclude Include="EventDispatcher.h">
      <Filter>헤더 파일</Filter>
    </ClInclude>
    <ClInclude Include="FactoryMachineState.h">
      <Filter>헤더 파일\State</Filter>
    </ClInclude>
    <ClInclude Include="State.h">
      <Filter>헤더 파일\State</Filter>
    </ClInclude>
    <ClInclude Include="PlayerState.h">
      <Filter>헤더 파일\State</Filter>
    </ClInclude>
    <ClInclude Include="Player.h">
      <Filter>헤더 파일\Entity</Filter>
    </ClInclude>
    <ClInclude Include="FactoryMachine.h">
      <Filter>헤더 파일\Entity</Filter>
    </ClInclude>
    <ClInclude Include="Merchant.h">
      <Filter>헤더 파일\Entity</Filter>
    </ClInclude>
    <ClInclude Include="MerchantState.h">
      <Filter>헤더 파일\State</Filter>
    </ClInclude>
  </ItemGroup>
</Project>